
Microsoft Visual Studio Solution File, Format Version 12.00
# Visual Studio Version 16
VisualStudioVersion = 16.0.31424.327
MinimumVisualStudioVersion = 10.0.40219.1
Project("{FAE04EC0-301F-11D3-BF4B-00C04F79EFBC}") = "project2", "project2.csproj", "{500EEDE9-72D1-46C2-9318-A560F8349362}"
EndProject
Global
	GlobalSection(SolutionConfigurationPlatforms) = preSolution
		Debug|Any CPU = Debug|Any CPU
		Release|Any CPU = Release|Any CPU
	EndGlobalSection
	GlobalSection(ProjectConfigurationPlatforms) = postSolution
		{500EEDE9-72D1-46C2-9318-A560F8349362}.Debug|Any CPU.ActiveCfg = Debug|Any CPU
		{500EEDE9-72D1-46C2-9318-A560F8349362}.Debug|Any CPU.Build.0 = Debug|Any CPU
		{500EEDE9-72D1-46C2-9318-A560F8349362}.Release|Any CPU.ActiveCfg = Release|Any CPU
		{500EEDE9-72D1-46C2-9318-A560F8349362}.Release|Any CPU.Build.0 = Release|Any CPU
	EndGlobalSection
	GlobalSection(SolutionProperties) = preSolution
		HideSolutionNode = FALSE
	EndGlobalSection
	GlobalSection(ExtensibilityGlobals) = postSolution
		SolutionGuid = {6A9F27A7-1CC2-46AE-A885-10AEB2B99AC6}
	EndGlobalSection
EndGlobal
